
Microsoft Visual Studio Solution File, Format Version 12.00
# Visual Studio Version 17
VisualStudioVersion = 17.2.32602.215
MinimumVisualStudioVersion = 10.0.40219.1
Project("{9A19103F-16F7-4668-BE54-9A1E7A4F7556}") = "Avro.benchmark", "src\apache\benchmark\Avro.benchmark.csproj", "{630E823A-FBE2-4D2F-A27C-49F8EB29339F}"
EndProject
Project("{9A19103F-16F7-4668-BE54-9A1E7A4F7556}") = "Avro.File.BZip2", "src\apache\codec\Avro.File.BZip2\Avro.File.BZip2.csproj", "{94B8E757-7794-4138-8F37-E36B77C6AD16}"
EndProject
Project("{9A19103F-16F7-4668-BE54-9A1E7A4F7556}") = "Avro.File.BZip2.Test", "src\apache\codec\Avro.File.BZip2.Test\Avro.File.BZip2.Test.csproj", "{D50CD901-8921-4081-B1E5-87780A5A7C79}"
EndProject
Project("{9A19103F-16F7-4668-BE54-9A1E7A4F7556}") = "Avro.File.Snappy", "src\apache\codec\Avro.File.Snappy\Avro.File.Snappy.csproj", "{54104BC0-D9C7-4AF6-9914-79C377A7DEB0}"
EndProject
Project("{9A19103F-16F7-4668-BE54-9A1E7A4F7556}") = "Avro.File.Snappy.Test", "src\apache\codec\Avro.File.Snappy.Test\Avro.File.Snappy.Test.csproj", "{6D34380C-7D2F-4411-B5E6-ED8CEB04A343}"
EndProject
Project("{9A19103F-16F7-4668-BE54-9A1E7A4F7556}") = "Avro.File.XZ", "src\apache\codec\Avro.File.XZ\Avro.File.XZ.csproj", "{E6AF0E1A-82B0-4E12-A04C-D96533FB4DBA}"
EndProject
Project("{9A19103F-16F7-4668-BE54-9A1E7A4F7556}") = "Avro.File.XZ.Test", "src\apache\codec\Avro.File.XZ.Test\Avro.File.XZ.Test.csproj", "{B6E48E9D-8FBD-4D29-AE93-4203D5C68095}"
EndProject
Project("{9A19103F-16F7-4668-BE54-9A1E7A4F7556}") = "Avro.File.Zstandard", "src\apache\codec\Avro.File.Zstandard\Avro.File.Zstandard.csproj", "{CCCEADA4-0FD4-4FAF-B5C0-BAB6D68164D0}"
EndProject
Project("{9A19103F-16F7-4668-BE54-9A1E7A4F7556}") = "Avro.File.Zstandard.Test", "src\apache\codec\Avro.File.Zstandard.Test\Avro.File.Zstandard.Test.csproj", "{68EAFC36-CCCA-46A3-B5BC-7B152ECA305B}"
EndProject
Project("{9A19103F-16F7-4668-BE54-9A1E7A4F7556}") = "Avro.codegen", "src\apache\codegen\Avro.codegen.csproj", "{A5FC0ACA-AF3C-4AD0-AF0D-8500D9E623EA}"
EndProject
Project("{9A19103F-16F7-4668-BE54-9A1E7A4F7556}") = "Avro.ipc", "src\apache\ipc\Avro.ipc.csproj", "{A62CF94B-B323-4C44-A66D-0FF191764FCF}"
EndProject
Project("{9A19103F-16F7-4668-BE54-9A1E7A4F7556}") = "Avro.ipc.test", "src\apache\ipc.test\Avro.ipc.test.csproj", "{D3F8E93C-04B9-474E-A973-B5EBBA07BBE5}"
EndProject
Project("{9A19103F-16F7-4668-BE54-9A1E7A4F7556}") = "Avro.main", "src\apache\main\Avro.main.csproj", "{C860BA80-8DF1-4955-AD0C-C789ED79F096}"
EndProject
Project("{9A19103F-16F7-4668-BE54-9A1E7A4F7556}") = "Avro.msbuild", "src\apache\msbuild\Avro.msbuild.csproj", "{3EA8DD4A-56D8-419C-B5DF-08E0C570AD7E}"
EndProject
Project("{9A19103F-16F7-4668-BE54-9A1E7A4F7556}") = "Avro.perf", "src\apache\perf\Avro.perf.csproj", "{474DDCC5-546F-44E9-B1EA-62F2EA60E3A2}"
EndProject
Project("{9A19103F-16F7-4668-BE54-9A1E7A4F7556}") = "Avro.test", "src\apache\test\Avro.test.csproj", "{0A6407A6-6498-498C-A062-9877B2AC7D8B}"
EndProject
Global
	GlobalSection(SolutionConfigurationPlatforms) = preSolution
		Debug|Any CPU = Debug|Any CPU
		Release|Any CPU = Release|Any CPU
	EndGlobalSection
	GlobalSection(ProjectConfigurationPlatforms) = postSolution
		{630E823A-FBE2-4D2F-A27C-49F8EB29339F}.Debug|Any CPU.ActiveCfg = Debug|Any CPU
		{630E823A-FBE2-4D2F-A27C-49F8EB29339F}.Debug|Any CPU.Build.0 = Debug|Any CPU
		{630E823A-FBE2-4D2F-A27C-49F8EB29339F}.Release|Any CPU.ActiveCfg = Release|Any CPU
		{630E823A-FBE2-4D2F-A27C-49F8EB29339F}.Release|Any CPU.Build.0 = Release|Any CPU
		{94B8E757-7794-4138-8F37-E36B77C6AD16}.Debug|Any CPU.ActiveCfg = Debug|Any CPU
		{94B8E757-7794-4138-8F37-E36B77C6AD16}.Debug|Any CPU.Build.0 = Debug|Any CPU
		{94B8E757-7794-4138-8F37-E36B77C6AD16}.Release|Any CPU.ActiveCfg = Release|Any CPU
		{94B8E757-7794-4138-8F37-E36B77C6AD16}.Release|Any CPU.Build.0 = Release|Any CPU
		{D50CD901-8921-4081-B1E5-87780A5A7C79}.Debug|Any CPU.ActiveCfg = Debug|Any CPU
		{D50CD901-8921-4081-B1E5-87780A5A7C79}.Debug|Any CPU.Build.0 = Debug|Any CPU
		{D50CD901-8921-4081-B1E5-87780A5A7C79}.Release|Any CPU.ActiveCfg = Release|Any CPU
		{D50CD901-8921-4081-B1E5-87780A5A7C79}.Release|Any CPU.Build.0 = Release|Any CPU
		{54104BC0-D9C7-4AF6-9914-79C377A7DEB0}.Debug|Any CPU.ActiveCfg = Debug|Any CPU
		{54104BC0-D9C7-4AF6-9914-79C377A7DEB0}.Debug|Any CPU.Build.0 = Debug|Any CPU
		{54104BC0-D9C7-4AF6-9914-79C377A7DEB0}.Release|Any CPU.ActiveCfg = Release|Any CPU
		{54104BC0-D9C7-4AF6-9914-79C377A7DEB0}.Release|Any CPU.Build.0 = Release|Any CPU
		{6D34380C-7D2F-4411-B5E6-ED8CEB04A343}.Debug|Any CPU.ActiveCfg = Debug|Any CPU
		{6D34380C-7D2F-4411-B5E6-ED8CEB04A343}.Debug|Any CPU.Build.0 = Debug|Any CPU
		{6D34380C-7D2F-4411-B5E6-ED8CEB04A343}.Release|Any CPU.ActiveCfg = Release|Any CPU
		{6D34380C-7D2F-4411-B5E6-ED8CEB04A343}.Release|Any CPU.Build.0 = Release|Any CPU
		{E6AF0E1A-82B0-4E12-A04C-D96533FB4DBA}.Debug|Any CPU.ActiveCfg = Debug|Any CPU
		{E6AF0E1A-82B0-4E12-A04C-D96533FB4DBA}.Debug|Any CPU.Build.0 = Debug|Any CPU
		{E6AF0E1A-82B0-4E12-A04C-D96533FB4DBA}.Release|Any CPU.ActiveCfg = Release|Any CPU
		{E6AF0E1A-82B0-4E12-A04C-D96533FB4DBA}.Release|Any CPU.Build.0 = Release|Any CPU
		{B6E48E9D-8FBD-4D29-AE93-4203D5C68095}.Debug|Any CPU.ActiveCfg = Debug|Any CPU
		{B6E48E9D-8FBD-4D29-AE93-4203D5C68095}.Debug|Any CPU.Build.0 = Debug|Any CPU
		{B6E48E9D-8FBD-4D29-AE93-4203D5C68095}.Release|Any CPU.ActiveCfg = Release|Any CPU
		{B6E48E9D-8FBD-4D29-AE93-4203D5C68095}.Release|Any CPU.Build.0 = Release|Any CPU
		{CCCEADA4-0FD4-4FAF-B5C0-BAB6D68164D0}.Debug|Any CPU.ActiveCfg = Debug|Any CPU
		{CCCEADA4-0FD4-4FAF-B5C0-BAB6D68164D0}.Debug|Any CPU.Build.0 = Debug|Any CPU
		{CCCEADA4-0FD4-4FAF-B5C0-BAB6D68164D0}.Release|Any CPU.ActiveCfg = Release|Any CPU
		{CCCEADA4-0FD4-4FAF-B5C0-BAB6D68164D0}.Release|Any CPU.Build.0 = Release|Any CPU
		{68EAFC36-CCCA-46A3-B5BC-7B152ECA305B}.Debug|Any CPU.ActiveCfg = Debug|Any CPU
		{68EAFC36-CCCA-46A3-B5BC-7B152ECA305B}.Debug|Any CPU.Build.0 = Debug|Any CPU
		{68EAFC36-CCCA-46A3-B5BC-7B152ECA305B}.Release|Any CPU.ActiveCfg = Release|Any CPU
		{68EAFC36-CCCA-46A3-B5BC-7B152ECA305B}.Release|Any CPU.Build.0 = Release|Any CPU
		{A5FC0ACA-AF3C-4AD0-AF0D-8500D9E623EA}.Debug|Any CPU.ActiveCfg = Debug|Any CPU
		{A5FC0ACA-AF3C-4AD0-AF0D-8500D9E623EA}.Debug|Any CPU.Build.0 = Debug|Any CPU
		{A5FC0ACA-AF3C-4AD0-AF0D-8500D9E623EA}.Release|Any CPU.ActiveCfg = Release|Any CPU
		{A5FC0ACA-AF3C-4AD0-AF0D-8500D9E623EA}.Release|Any CPU.Build.0 = Release|Any CPU
		{A62CF94B-B323-4C44-A66D-0FF191764FCF}.Debug|Any CPU.ActiveCfg = Debug|Any CPU
		{A62CF94B-B323-4C44-A66D-0FF191764FCF}.Debug|Any CPU.Build.0 = Debug|Any CPU
		{A62CF94B-B323-4C44-A66D-0FF191764FCF}.Release|Any CPU.ActiveCfg = Release|Any CPU
		{A62CF94B-B323-4C44-A66D-0FF191764FCF}.Release|Any CPU.Build.0 = Release|Any CPU
		{D3F8E93C-04B9-474E-A973-B5EBBA07BBE5}.Debug|Any CPU.ActiveCfg = Debug|Any CPU
		{D3F8E93C-04B9-474E-A973-B5EBBA07BBE5}.Debug|Any CPU.Build.0 = Debug|Any CPU
		{D3F8E93C-04B9-474E-A973-B5EBBA07BBE5}.Release|Any CPU.ActiveCfg = Release|Any CPU
		{D3F8E93C-04B9-474E-A973-B5EBBA07BBE5}.Release|Any CPU.Build.0 = Release|Any CPU
		{C860BA80-8DF1-4955-AD0C-C789ED79F096}.Debug|Any CPU.ActiveCfg = Debug|Any CPU
		{C860BA80-8DF1-4955-AD0C-C789ED79F096}.Debug|Any CPU.Build.0 = Debug|Any CPU
		{C860BA80-8DF1-4955-AD0C-C789ED79F096}.Release|Any CPU.ActiveCfg = Release|Any CPU
		{C860BA80-8DF1-4955-AD0C-C789ED79F096}.Release|Any CPU.Build.0 = Release|Any CPU
		{3EA8DD4A-56D8-419C-B5DF-08E0C570AD7E}.Debug|Any CPU.ActiveCfg = Debug|Any CPU
		{3EA8DD4A-56D8-419C-B5DF-08E0C570AD7E}.Debug|Any CPU.Build.0 = Debug|Any CPU
		{3EA8DD4A-56D8-419C-B5DF-08E0C570AD7E}.Release|Any CPU.ActiveCfg = Release|Any CPU
		{3EA8DD4A-56D8-419C-B5DF-08E0C570AD7E}.Release|Any CPU.Build.0 = Release|Any CPU
		{474DDCC5-546F-44E9-B1EA-62F2EA60E3A2}.Debug|Any CPU.ActiveCfg = Debug|Any CPU
		{474DDCC5-546F-44E9-B1EA-62F2EA60E3A2}.Debug|Any CPU.Build.0 = Debug|Any CPU
		{474DDCC5-546F-44E9-B1EA-62F2EA60E3A2}.Release|Any CPU.ActiveCfg = Release|Any CPU
		{474DDCC5-546F-44E9-B1EA-62F2EA60E3A2}.Release|Any CPU.Build.0 = Release|Any CPU
		{0A6407A6-6498-498C-A062-9877B2AC7D8B}.Debug|Any CPU.ActiveCfg = Debug|Any CPU
		{0A6407A6-6498-498C-A062-9877B2AC7D8B}.Debug|Any CPU.Build.0 = Debug|Any CPU
		{0A6407A6-6498-498C-A062-9877B2AC7D8B}.Release|Any CPU.ActiveCfg = Release|Any CPU
		{0A6407A6-6498-498C-A062-9877B2AC7D8B}.Release|Any CPU.Build.0 = Release|Any CPU
	EndGlobalSection
	GlobalSection(SolutionProperties) = preSolution
		HideSolutionNode = FALSE
	EndGlobalSection
	GlobalSection(ExtensibilityGlobals) = postSolution
		SolutionGuid = {2DE028CF-3FA9-429E-8F03-93064CCB48FC}
	EndGlobalSection
EndGlobal
